{
  "name": "public",
  "version": "1.0.0",
  "lockfileVersion": 1,
  "requires": true,
  "dependencies": {
    "@ckeditor/ckeditor5-build-classic": {
      "version": "16.0.0",
      "resolved": "https://registry.npmjs.org/@ckeditor/ckeditor5-build-classic/-/ckeditor5-build-classic-16.0.0.tgz",
      "integrity": "sha512-gBfZqWg3hmCvhq6/wX5UJp4qwl6gB+NJPpOkya2Y3jWKA0HKf3UdlhIvaHq7dRaqhi4unmqaJZVEk5VpZ1vDOg=="
    },
    "@ckeditor/ckeditor5-clipboard": {
      "version": "23.1.0",
      "resolved": "https://registry.npmjs.org/@ckeditor/ckeditor5-clipboard/-/ckeditor5-clipboard-23.1.0.tgz",
      "integrity": "sha512-QpxmOgZOw52dfcNp7kOhH2O4hr1nLb7ka+jCSSzASoBKZ9sR4r/pdi7ApFcrW5Ft5p8kFtWhXJGTUkbyfRrYyA==",
      "requires": {
        "@ckeditor/ckeditor5-core": "23.1.0",
        "@ckeditor/ckeditor5-engine": "23.1.0",
        "@ckeditor/ckeditor5-utils": "23.1.0"
      }
    },
    "@ckeditor/ckeditor5-core": {
      "version": "23.1.0",
      "resolved": "https://registry.npmjs.org/@ckeditor/ckeditor5-core/-/ckeditor5-core-23.1.0.tgz",
      "integrity": "sha512-Y+ttPMKbsfdN+V5/lV5vG3cI6Y0pNs8+TygOojw8ZMQqJY5WrVsFQcoz2DzdTKKOn5VJqjE+mHcGjCyk37FeOw==",
      "requires": {
        "@ckeditor/ckeditor5-engine": "23.1.0",
        "@ckeditor/ckeditor5-utils": "23.1.0",
        "lodash-es": "4.17.15"
      }
    },
    "@ckeditor/ckeditor5-engine": {
      "version": "23.1.0",
      "resolved": "https://registry.npmjs.org/@ckeditor/ckeditor5-engine/-/ckeditor5-engine-23.1.0.tgz",
      "integrity": "sha512-HOIkiatjq/ByqHVvkaISA0l6Vab8w6gzD1QnjMv3ldgiLMD0jUAHhUZldfpYQ0s2bG+d1l/6w7C76gT8fY4/Jw==",
      "requires": {
        "@ckeditor/ckeditor5-utils": "23.1.0",
        "lodash-es": "4.17.15"
      }
    },
    "@ckeditor/ckeditor5-image": {
      "version": "23.1.0",
      "resolved": "https://registry.npmjs.org/@ckeditor/ckeditor5-image/-/ckeditor5-image-23.1.0.tgz",
      "integrity": "sha512-biCrY7F/ITfCZ1lyBRr483vBpl/jJ9nGUQj+R0lsav7YfHOWFOAJCTvr7NgsP1XU/bkwEQhIjSUlSL6smg2Tgw==",
      "requires": {
        "@ckeditor/ckeditor5-clipboard": "23.1.0",
        "@ckeditor/ckeditor5-core": "23.1.0",
        "@ckeditor/ckeditor5-engine": "23.1.0",
        "@ckeditor/ckeditor5-ui": "23.1.0",
        "@ckeditor/ckeditor5-upload": "23.1.0",
        "@ckeditor/ckeditor5-utils": "23.1.0",
        "@ckeditor/ckeditor5-widget": "23.1.0"
      }
    },
    "@ckeditor/ckeditor5-typing": {
      "version": "23.1.0",
      "resolved": "https://registry.npmjs.org/@ckeditor/ckeditor5-typing/-/ckeditor5-typing-23.1.0.tgz",
      "integrity": "sha512-LmM+XgOx+zjPgs0XjbNLQlgvB5hkoFGF/Z4OFpgWoP0/8iTwGJdg/L38dE6tN5nElmRj2+3RJ/cLe4XLzvHpAQ==",
      "requires": {
        "@ckeditor/ckeditor5-core": "23.1.0",
        "@ckeditor/ckeditor5-engine": "23.1.0",
        "@ckeditor/ckeditor5-utils": "23.1.0",
        "lodash-es": "4.17.15"
      }
    },
    "@ckeditor/ckeditor5-ui": {
      "version": "23.1.0",
      "resolved": "https://registry.npmjs.org/@ckeditor/ckeditor5-ui/-/ckeditor5-ui-23.1.0.tgz",
      "integrity": "sha512-Rw1mnp4D5SwuCHTnDhTnKzXgQbUzZHpXlce6Zf72Iw6ZfwDn2SlanIp8OKM8hYUAkoHHKLDx2QfXgHEiShC7CA==",
      "requires": {
        "@ckeditor/ckeditor5-core": "23.1.0",
        "@ckeditor/ckeditor5-utils": "23.1.0",
        "lodash-es": "4.17.15"
      }
    },
    "@ckeditor/ckeditor5-upload": {
      "version": "23.1.0",
      "resolved": "https://registry.npmjs.org/@ckeditor/ckeditor5-upload/-/ckeditor5-upload-23.1.0.tgz",
      "integrity": "sha512-aufToBRsDc0Bp60zdqWQepGYyKk61Vxv8jB/KWnWvpaigiURGenJberZF0gRalW9CZpmC8uj7CvcIm5TLobEfw==",
      "requires": {
        "@ckeditor/ckeditor5-core": "23.1.0",
        "@ckeditor/ckeditor5-ui": "23.1.0",
        "@ckeditor/ckeditor5-utils": "23.1.0"
      }
    },
    "@ckeditor/ckeditor5-utils": {
      "version": "23.1.0",
      "resolved": "https://registry.npmjs.org/@ckeditor/ckeditor5-utils/-/ckeditor5-utils-23.1.0.tgz",
      "integrity": "sha512-hbAIQQrUFZZGGsEG07Em2iH216Y7NWIhY60HqOT94wwnn/F5ZE3zRWU+KsAR1Cn2U0uOEBkYP9qIFlGRzPo7Vg==",
      "requires": {
        "lodash-es": "4.17.15"
      }
    },
    "@ckeditor/ckeditor5-widget": {
      "version": "23.1.0",
      "resolved": "https://registry.npmjs.org/@ckeditor/ckeditor5-widget/-/ckeditor5-widget-23.1.0.tgz",
      "integrity": "sha512-+9c+QhA9zmd14bhBr/z88T2bQbpEfAjVqeQgqL1+Y/GXIRtZ8XGnnlvo6sF80wIwkTI+5KfYEb4h1hDzmnGS6A==",
      "requires": {
        "@ckeditor/ckeditor5-core": "23.1.0",
        "@ckeditor/ckeditor5-engine": "23.1.0",
        "@ckeditor/ckeditor5-typing": "23.1.0",
        "@ckeditor/ckeditor5-ui": "23.1.0",
        "@ckeditor/ckeditor5-utils": "23.1.0",
        "lodash-es": "4.17.15"
      }
    },
    "awesome-phonenumber": {
      "version": "2.27.0",
      "resolved": "https://registry.npmjs.org/awesome-phonenumber/-/awesome-phonenumber-2.27.0.tgz",
      "integrity": "sha512-kNU8sRUW6mKrinkfdYAs7Lr85QmXvLNe6e/5KUIw9pKiW9cAbdDRtR/XjOzbVL/vjgjFA3UvXEOpsZ15c48nYQ=="
    },
    "babel-runtime": {
      "version": "5.8.38",
      "resolved": "https://registry.npmjs.org/babel-runtime/-/babel-runtime-5.8.38.tgz",
      "integrity": "sha1-HAsC62MxL18If/IEUIJ7QlydTBk=",
      "requires": {
        "core-js": "1.2.7"
      }
    },
    "chart.js": {
      "version": "2.8.0",
      "resolved": "https://registry.npmjs.org/chart.js/-/chart.js-2.8.0.tgz",
      "integrity": "sha512-Di3wUL4BFvqI5FB5K26aQ+hvWh8wnP9A3DWGvXHVkO13D3DSnaSsdZx29cXlEsYKVkn1E2az+ZYFS4t0zi8x0w==",
      "requires": {
        "chartjs-color": "2.3.0",
        "moment": "2.24.0"
      }
    },
    "chartjs-color": {
      "version": "2.3.0",
      "resolved": "https://registry.npmjs.org/chartjs-color/-/chartjs-color-2.3.0.tgz",
      "integrity": "sha512-hEvVheqczsoHD+fZ+tfPUE+1+RbV6b+eksp2LwAhwRTVXEjCSEavvk+Hg3H6SZfGlPh/UfmWKGIvZbtobOEm3g==",
      "requires": {
        "chartjs-color-string": "0.6.0",
        "color-convert": "0.5.3"
      }
    },
    "chartjs-color-string": {
      "version": "0.6.0",
      "resolved": "https://registry.npmjs.org/chartjs-color-string/-/chartjs-color-string-0.6.0.tgz",
      "integrity": "sha512-TIB5OKn1hPJvO7JcteW4WY/63v6KwEdt6udfnDE9iCAZgy+V4SrbSxoIbTw/xkUIapjEI4ExGtD0+6D3KyFd7A==",
      "requires": {
        "color-name": "1.1.4"
      }
    },
    "color-convert": {
      "version": "0.5.3",
      "resolved": "https://registry.npmjs.org/color-convert/-/color-convert-0.5.3.tgz",
      "integrity": "sha1-vbbGnOZg+t/+CwAHzER+G59ygr0="
    },
    "color-name": {
      "version": "1.1.4",
      "resolved": "https://registry.npmjs.org/color-name/-/color-name-1.1.4.tgz",
      "integrity": "sha512-dOy+3AuW3a2wNbZHIuMZpTcgjGuLU/uBL/ubcZF9OXbDo8ff4O8yVp5Bf0efS8uEoYo5q4Fx7dY9OgQGXgAsQA=="
    },
    "core-js": {
      "version": "1.2.7",
      "resolved": "https://registry.npmjs.org/core-js/-/core-js-1.2.7.tgz",
      "integrity": "sha1-ZSKUwUZR2yj6k70tX/KYOk8IxjY="
    },
    "intl-tel-input": {
      "version": "17.0.0",
      "resolved": "https://registry.npmjs.org/intl-tel-input/-/intl-tel-input-17.0.0.tgz",
      "integrity": "sha512-O79jcYy1nTV+legYrqu4AniOmA8phA4fz0JrUgG43MmvLK47dfvZ33JFS498t3AR0142T2oAYhZBJFlR03SoXA=="
    },
    "libphonenumber-js": {
      "version": "1.7.46",
      "resolved": "https://registry.npmjs.org/libphonenumber-js/-/libphonenumber-js-1.7.46.tgz",
      "integrity": "sha512-NrNz2+OW/7lb4HnKDbcYOMCY0SOzCa7EHFY0hHeHl9JMJmpvTmonPaLiMAE1M+K1HWCsXtGdDj9AkOmr5DKqIQ==",
      "requires": {
        "minimist": "1.2.0",
        "xml2js": "0.4.23"
      }
    },
    "lodash-es": {
      "version": "4.17.15",
      "resolved": "https://registry.npmjs.org/lodash-es/-/lodash-es-4.17.15.tgz",
      "integrity": "sha512-rlrc3yU3+JNOpZ9zj5pQtxnx2THmvRykwL4Xlxoa8I9lHBlVbbyPhgyPMioxVZ4NqyxaVVtaJnzsyOidQIhyyQ=="
    },
    "marker-clusterer-plus": {
      "version": "2.1.4",
      "resolved": "https://registry.npmjs.org/marker-clusterer-plus/-/marker-clusterer-plus-2.1.4.tgz",
      "integrity": "sha1-+O/3TVmdqzt9Dj/tUmTqDnBPXWc="
    },
    "minimist": {
      "version": "1.2.0",
      "resolved": "https://registry.npmjs.org/minimist/-/minimist-1.2.0.tgz",
      "integrity": "sha1-o1AIsg9BOD7sH7kU9M1d95omQoQ="
    },
    "moment": {
      "version": "2.24.0",
      "resolved": "https://registry.npmjs.org/moment/-/moment-2.24.0.tgz",
      "integrity": "sha512-bV7f+6l2QigeBBZSM/6yTNq4P2fNpSWj/0e7jQcy87A8e7o2nAfP/34/2ky5Vw4B9S446EtIhodAzkFCcR4dQg=="
    },
    "sax": {
      "version": "1.2.4",
      "resolved": "https://registry.npmjs.org/sax/-/sax-1.2.4.tgz",
      "integrity": "sha512-NqVDv9TpANUjFm0N8uM5GxL36UgKi9/atZw+x7YFnQ8ckwFGKrl4xX4yWtrey3UJm5nP1kUbnYgLopqWNSRhWw=="
    },
    "scrollparent": {
      "version": "2.0.1",
      "resolved": "https://registry.npmjs.org/scrollparent/-/scrollparent-2.0.1.tgz",
      "integrity": "sha1-cV1bnMV3YPsivczDvvtb/gaxoxc="
    },
    "style-helpers": {
      "version": "1.0.1",
      "resolved": "https://registry.npmjs.org/style-helpers/-/style-helpers-1.0.1.tgz",
      "integrity": "sha512-UG7S5NezK/VN6k73MNgG9zH735sriI+SwRuSp29mNxo2JPFMvEZ0ajXMWa5psX07lHUMESSV1Bs6sV3UWcuIpw=="
    },
    "vee-validate": {
      "version": "3.3.9",
      "resolved": "https://registry.npmjs.org/vee-validate/-/vee-validate-3.3.9.tgz",
      "integrity": "sha512-0ibP+8dNU8XitkhcB5UBnVlHdPlUqFx6jGg4vNUN/lw5geVKBvgyo83y7YCvYA5iqQPgCnuQxsx8kTHa0d/Zyw=="
    },
    "vue": {
      "version": "2.6.11",
      "resolved": "https://registry.npmjs.org/vue/-/vue-2.6.11.tgz",
      "integrity": "sha512-VfPwgcGABbGAue9+sfrD4PuwFar7gPb1yl1UK1MwXoQPAw0BKSqWfoYCT/ThFrdEVWoI51dBuyCoiNU9bZDZxQ=="
    },
    "vue-observe-visibility": {
      "version": "0.4.6",
      "resolved": "https://registry.npmjs.org/vue-observe-visibility/-/vue-observe-visibility-0.4.6.tgz",
      "integrity": "sha512-xo0CEVdkjSjhJoDdLSvoZoQrw/H2BlzB5jrCBKGZNXN2zdZgMuZ9BKrxXDjNP2AxlcCoKc8OahI3F3r3JGLv2Q=="
    },
    "vue-phone-number-input": {
      "version": "1.1.6",
      "resolved": "https://registry.npmjs.org/vue-phone-number-input/-/vue-phone-number-input-1.1.6.tgz",
      "integrity": "sha512-DZyZosi8Tvgx/JZVYMKDYiDqu/KSQjC1ibWKfUNRSXyr1fSrFtm+hXBP88DxixS7EJyHDzgR55ysjXHR9f2g7w==",
      "requires": {
        "libphonenumber-js": "1.7.46",
        "style-helpers": "1.0.1",
        "vue": "2.6.11",
        "vue-virtual-scroller": "1.0.0-rc.2"
      }
    },
    "vue-resize": {
      "version": "0.4.5",
      "resolved": "https://registry.npmjs.org/vue-resize/-/vue-resize-0.4.5.tgz",
      "integrity": "sha512-bhP7MlgJQ8TIkZJXAfDf78uJO+mEI3CaLABLjv0WNzr4CcGRGPIAItyWYnP6LsPA4Oq0WE+suidNs6dgpO4RHg=="
    },
    "vue-tel-input": {
      "version": "4.3.0",
      "resolved": "https://registry.npmjs.org/vue-tel-input/-/vue-tel-input-4.3.0.tgz",
      "integrity": "sha512-l2FHH6AU+ns5OG6nAZ0zbbs5IXAc0y0/pfB4qmLFgBs8DL4A7Gvm9UCZQ3gQ2Hb8LkQEB+tFRNWhvONSs2FO4Q==",
      "requires": {
        "awesome-phonenumber": "2.27.0"
      }
    },
    "vue-virtual-scroller": {
      "version": "1.0.0-rc.2",
      "resolved": "https://registry.npmjs.org/vue-virtual-scroller/-/vue-virtual-scroller-1.0.0-rc.2.tgz",
      "integrity": "sha512-4YFx1a+QDP4f6HW/HBI/qHcmSTlh7BMH6IjEH8WC3ylt499cErl0LpvLLAx9yo3c6NtuK/XvjYXi0vvdxFB5dw==",
      "requires": {
        "scrollparent": "2.0.1",
        "vue-observe-visibility": "0.4.6",
        "vue-resize": "0.4.5"
      }
    },
    "vue2-google-maps": {
      "version": "0.10.6",
      "resolved": "https://registry.npmjs.org/vue2-google-maps/-/vue2-google-maps-0.10.6.tgz",
      "integrity": "sha512-4EbUlPAKb/UL3AFykH8EfL9BNqvS0QmsEwUo/IUaOvOC4UXFdKtbHWC3TkHUIL8kvlgHVagW6aEvTQ8aGcPJrg==",
      "requires": {
        "babel-runtime": "5.8.38",
        "marker-clusterer-plus": "2.1.4"
      }
    },
    "xml2js": {
      "version": "0.4.23",
      "resolved": "https://registry.npmjs.org/xml2js/-/xml2js-0.4.23.tgz",
      "integrity": "sha512-ySPiMjM0+pLDftHgXY4By0uswI3SPKLDw/i3UXbnO8M/p28zqexCUoPmQFrYD+/1BzhGJSs2i1ERWKJAtiLrug==",
      "requires": {
        "sax": "1.2.4",
        "xmlbuilder": "11.0.1"
      }
    },
    "xmlbuilder": {
      "version": "11.0.1",
      "resolved": "https://registry.npmjs.org/xmlbuilder/-/xmlbuilder-11.0.1.tgz",
      "integrity": "sha512-fDlsI/kFEx7gLvbecc0/ohLG50fugQp8ryHzMTuW9vSa1GJ0XYWKnhsUx7oie3G98+r56aTQIUB4kht42R3JvA=="
    }
  }
}
